
Microsoft Visual Studio Solution File, Format Version 12.00
# Visual Studio 15
VisualStudioVersion = 15.0.28307.271
MinimumVisualStudioVersion = 10.0.40219.1
Project("{FAE04EC0-301F-11D3-BF4B-00C04F79EFBC}") = "FizzBuzzWeb", "FizzBuzzWeb\FizzBuzzWeb.csproj", "{86550A07-451F-48DB-8F7A-9B30E6DC17C4}"
EndProject
Project("{FAE04EC0-301F-11D3-BF4B-00C04F79EFBC}") = "FizzBuzzClient", "FizzBuzzClient\FizzBuzzClient.csproj", "{8782205C-3DF9-4815-8655-6FA133C460DE}"
EndProject
Global
	GlobalSection(SolutionConfigurationPlatforms) = preSolution
		Debug|Any CPU = Debug|Any CPU
		Release|Any CPU = Release|Any CPU
	EndGlobalSection
	GlobalSection(ProjectConfigurationPlatforms) = postSolution
		{86550A07-451F-48DB-8F7A-9B30E6DC17C4}.Debug|Any CPU.ActiveCfg = Debug|Any CPU
		{86550A07-451F-48DB-8F7A-9B30E6DC17C4}.Debug|Any CPU.Build.0 = Debug|Any CPU
		{86550A07-451F-48DB-8F7A-9B30E6DC17C4}.Release|Any CPU.ActiveCfg = Release|Any CPU
		{86550A07-451F-48DB-8F7A-9B30E6DC17C4}.Release|Any CPU.Build.0 = Release|Any CPU
		{8782205C-3DF9-4815-8655-6FA133C460DE}.Debug|Any CPU.ActiveCfg = Debug|Any CPU
		{8782205C-3DF9-4815-8655-6FA133C460DE}.Debug|Any CPU.Build.0 = Debug|Any CPU
		{8782205C-3DF9-4815-8655-6FA133C460DE}.Release|Any CPU.ActiveCfg = Release|Any CPU
		{8782205C-3DF9-4815-8655-6FA133C460DE}.Release|Any CPU.Build.0 = Release|Any CPU
	EndGlobalSection
	GlobalSection(SolutionProperties) = preSolution
		HideSolutionNode = FALSE
	EndGlobalSection
	GlobalSection(ExtensibilityGlobals) = postSolution
		SolutionGuid = {16AD372C-01E2-49DC-8CD3-A32DBBA160D2}
	EndGlobalSection
EndGlobal
